
Microsoft Visual Studio Solution File, Format Version 12.00
# Visual Studio 15
VisualStudioVersion = 15.0.26124.0
MinimumVisualStudioVersion = 15.0.26124.0
Project("{2150E333-8FDC-42A3-9474-1A3956D46DE8}") = "tests", "tests", "{4F30B267-F430-4772-854C-26763C616643}"
EndProject
Project("{FAE04EC0-301F-11D3-BF4B-00C04F79EFBC}") = "RobotCleaner.UnitTests", "tests\RobotCleaner.UnitTests\RobotCleaner.UnitTests.csproj", "{7DDCD31E-3216-45FF-B106-963FFDE25FA9}"
EndProject
Project("{2150E333-8FDC-42A3-9474-1A3956D46DE8}") = "src", "src", "{D0652F11-EBC4-45D8-A9D3-E8DFF5DE4735}"
EndProject
Project("{FAE04EC0-301F-11D3-BF4B-00C04F79EFBC}") = "RobotCleaner.App", "src\RobotCleaner.App\RobotCleaner.App.csproj", "{7292E4FF-83AE-4B2D-8A0F-F762C8ABA8E7}"
EndProject
Global
	GlobalSection(SolutionConfigurationPlatforms) = preSolution
		Debug|Any CPU = Debug|Any CPU
		Debug|x64 = Debug|x64
		Debug|x86 = Debug|x86
		Release|Any CPU = Release|Any CPU
		Release|x64 = Release|x64
		Release|x86 = Release|x86
	EndGlobalSection
	GlobalSection(SolutionProperties) = preSolution
		HideSolutionNode = FALSE
	EndGlobalSection
	GlobalSection(ProjectConfigurationPlatforms) = postSolution
		{7DDCD31E-3216-45FF-B106-963FFDE25FA9}.Debug|Any CPU.ActiveCfg = Debug|Any CPU
		{7DDCD31E-3216-45FF-B106-963FFDE25FA9}.Debug|Any CPU.Build.0 = Debug|Any CPU
		{7DDCD31E-3216-45FF-B106-963FFDE25FA9}.Debug|x64.ActiveCfg = Debug|Any CPU
		{7DDCD31E-3216-45FF-B106-963FFDE25FA9}.Debug|x64.Build.0 = Debug|Any CPU
		{7DDCD31E-3216-45FF-B106-963FFDE25FA9}.Debug|x86.ActiveCfg = Debug|Any CPU
		{7DDCD31E-3216-45FF-B106-963FFDE25FA9}.Debug|x86.Build.0 = Debug|Any CPU
		{7DDCD31E-3216-45FF-B106-963FFDE25FA9}.Release|Any CPU.ActiveCfg = Release|Any CPU
		{7DDCD31E-3216-45FF-B106-963FFDE25FA9}.Release|Any CPU.Build.0 = Release|Any CPU
		{7DDCD31E-3216-45FF-B106-963FFDE25FA9}.Release|x64.ActiveCfg = Release|Any CPU
		{7DDCD31E-3216-45FF-B106-963FFDE25FA9}.Release|x64.Build.0 = Release|Any CPU
		{7DDCD31E-3216-45FF-B106-963FFDE25FA9}.Release|x86.ActiveCfg = Release|Any CPU
		{7DDCD31E-3216-45FF-B106-963FFDE25FA9}.Release|x86.Build.0 = Release|Any CPU
		{7292E4FF-83AE-4B2D-8A0F-F762C8ABA8E7}.Debug|Any CPU.ActiveCfg = Debug|Any CPU
		{7292E4FF-83AE-4B2D-8A0F-F762C8ABA8E7}.Debug|Any CPU.Build.0 = Debug|Any CPU
		{7292E4FF-83AE-4B2D-8A0F-F762C8ABA8E7}.Debug|x64.ActiveCfg = Debug|Any CPU
		{7292E4FF-83AE-4B2D-8A0F-F762C8ABA8E7}.Debug|x64.Build.0 = Debug|Any CPU
		{7292E4FF-83AE-4B2D-8A0F-F762C8ABA8E7}.Debug|x86.ActiveCfg = Debug|Any CPU
		{7292E4FF-83AE-4B2D-8A0F-F762C8ABA8E7}.Debug|x86.Build.0 = Debug|Any CPU
		{7292E4FF-83AE-4B2D-8A0F-F762C8ABA8E7}.Release|Any CPU.ActiveCfg = Release|Any CPU
		{7292E4FF-83AE-4B2D-8A0F-F762C8ABA8E7}.Release|Any CPU.Build.0 = Release|Any CPU
		{7292E4FF-83AE-4B2D-8A0F-F762C8ABA8E7}.Release|x64.ActiveCfg = Release|Any CPU
		{7292E4FF-83AE-4B2D-8A0F-F762C8ABA8E7}.Release|x64.Build.0 = Release|Any CPU
		{7292E4FF-83AE-4B2D-8A0F-F762C8ABA8E7}.Release|x86.ActiveCfg = Release|Any CPU
		{7292E4FF-83AE-4B2D-8A0F-F762C8ABA8E7}.Release|x86.Build.0 = Release|Any CPU
	EndGlobalSection
	GlobalSection(NestedProjects) = preSolution
		{7DDCD31E-3216-45FF-B106-963FFDE25FA9} = {4F30B267-F430-4772-854C-26763C616643}
		{7292E4FF-83AE-4B2D-8A0F-F762C8ABA8E7} = {D0652F11-EBC4-45D8-A9D3-E8DFF5DE4735}
	EndGlobalSection
EndGlobal
